lockfileVersion: '9.0'

settings:
  autoInstallPeers: true
  excludeLinksFromLockfile: false

importers:

  .:
    dependencies:
      '@anthropic-ai/sdk':
        specifier: ^0.63.0
        version: 0.63.1(zod@4.3.6)
      chalk:
        specifier: ^5.4.1
        version: 5.6.2
      fast-glob:
        specifier: ^3.3.3
        version: 3.3.3
      zod:
        specifier: ^4.1.12
        version: 4.3.6
    devDependencies:
      '@types/node':
        specifier: ^24.6.0
        version: 24.12.2
      tsdown:
        specifier: ^0.12.9
        version: 0.12.9(typescript@5.9.3)
      tsx:
        specifier: ^4.20.6
        version: 4.21.0
      typescript:
        specifier: ^5.9.3
        version: 5.9.3

packages:

  '@anthropic-ai/sdk@0.63.1':
    resolution: {integrity: sha512-wMA/Xx5GLO+npV992YKUfsmlI6699XG/jFjCPTf/nsMBfUh3e3KmNiOKuhqSMZibOjoLOlhYc7L4pfLPI8A+RA==}
    hasBin: true
    peerDependencies:
      zod: ^3.25.0 || ^4.0.0
    peerDependenciesMeta:
      zod:
        optional: true

  '@babel/generator@7.29.1':
    resolution: {integrity: sha512-qsaF+9Qcm2Qv8SRIMMscAvG4O3lJ0F1GuMo5HR/Bp02LopNgnZBC/EkbevHFeGs4ls/oPz9v+Bsmzbkbe+0dUw==}
    engines: {node: '>=6.9.0'}

  '@babel/helper-string-parser@7.27.1':
    resolution: {integrity: sha512-qMlSxKbpRlAridDExk92nSobyDdpPijUq2DW6oDnUqd0iOGxmQjyqhMIihI9+zv4LPyZdRje2cavWPbCbWm3eA==}
    engines: {node: '>=6.9.0'}

  '@babel/helper-validator-identifier@7.28.5':
    resolution: {integrity: sha512-qSs4ifwzKJSV39ucNjsvc6WVHs6b7S03sOh2OcHF9UHfVPqWWALUsNUVzhSBiItjRZoLHx7nIarVjqKVusUZ1Q==}
    engines: {node: '>=6.9.0'}

  '@babel/parser@7.29.2':
    resolution: {integrity: sha512-4GgRzy/+fsBa72/RZVJmGKPmZu9Byn8o4MoLpmNe1m8ZfYnz5emHLQz3U4gLud6Zwl0RZIcgiLD7Uq7ySFuDLA==}
    engines: {node: '>=6.0.0'}
    hasBin: true

  '@babel/runtime@7.29.2':
    resolution: {integrity: sha512-JiDShH45zKHWyGe4ZNVRrCjBz8Nh9TMmZG1kh4QTK8hCBTWBi8Da+i7s1fJw7/lYpM4ccepSNfqzZ/QvABBi5g==}
    engines: {node: '>=6.9.0'}

  '@babel/types@7.29.0':
    resolution: {integrity: sha512-LwdZHpScM4Qz8Xw2iKSzS+cfglZzJGvofQICy7W7v4caru4EaAmyUuO6BGrbyQ2mYV11W0U8j5mBhd14dd3B0A==}
    engines: {node: '>=6.9.0'}

  '@emnapi/core@1.9.2':
    resolution: {integrity: sha512-UC+ZhH3XtczQYfOlu3lNEkdW/p4dsJ1r/bP7H8+rhao3TTTMO1ATq/4DdIi23XuGoFY+Cz0JmCbdVl0hz9jZcA==}

  '@emnapi/runtime@1.9.2':
    resolution: {integrity: sha512-3U4+MIWHImeyu1wnmVygh5WlgfYDtyf0k8AbLhMFxOipihf6nrWC4syIm/SwEeec0mNSafiiNnMJwbza/Is6Lw==}

  '@emnapi/wasi-threads@1.2.1':
    resolution: {integrity: sha512-uTII7OYF+/Mes/MrcIOYp5yOtSMLBWSIoLPpcgwipoiKbli6k322tcoFsxoIIxPDqW01SQGAgko4EzZi2BNv2w==}

  '@esbuild/aix-ppc64@0.27.7':
    resolution: {integrity: sha512-EKX3Qwmhz1eMdEJokhALr0YiD0lhQNwDqkPYyPhiSwKrh7/4KRjQc04sZ8db+5DVVnZ1LmbNDI1uAMPEUBnQPg==}
    engines: {node: '>=18'}
    cpu: [ppc64]
    os: [aix]

  '@esbuild/android-arm64@0.27.7':
    resolution: {integrity: sha512-62dPZHpIXzvChfvfLJow3q5dDtiNMkwiRzPylSCfriLvZeq0a1bWChrGx/BbUbPwOrsWKMn8idSllklzBy+dgQ==}
    engines: {node: '>=18'}
    cpu: [arm64]
    os: [android]

  '@esbuild/android-arm@0.27.7':
    resolution: {integrity: sha512-jbPXvB4Yj2yBV7HUfE2KHe4GJX51QplCN1pGbYjvsyCZbQmies29EoJbkEc+vYuU5o45AfQn37vZlyXy4YJ8RQ==}
    engines: {node: '>=18'}
    cpu: [arm]
    os: [android]

  '@esbuild/android-x64@0.27.7':
    resolution: {integrity: sha512-x5VpMODneVDb70PYV2VQOmIUUiBtY3D3mPBG8NxVk5CogneYhkR7MmM3yR/uMdITLrC1ml/NV1rj4bMJuy9MCg==}
    engines: {node: '>=18'}
    cpu: [x64]
    os: [android]

  '@esbuild/darwin-arm64@0.27.7':
    resolution: {integrity: sha512-5lckdqeuBPlKUwvoCXIgI2D9/ABmPq3Rdp7IfL70393YgaASt7tbju3Ac+ePVi3KDH6N2RqePfHnXkaDtY9fkw==}
    engines: {node: '>=18'}
    cpu: [arm64]
    os: [darwin]

  '@esbuild/darwin-x64@0.27.7':
    resolution: {integrity: sha512-rYnXrKcXuT7Z+WL5K980jVFdvVKhCHhUwid+dDYQpH+qu+TefcomiMAJpIiC2EM3Rjtq0sO3StMV/+3w3MyyqQ==}
    engines: {node: '>=18'}
    cpu: [x64]
    os: [darwin]

  '@esbuild/freebsd-arm64@0.27.7':
    resolution: {integrity: sha512-B48PqeCsEgOtzME2GbNM2roU29AMTuOIN91dsMO30t+Ydis3z/3Ngoj5hhnsOSSwNzS+6JppqWsuhTp6E82l2w==}
    engines: {node: '>=18'}
    cpu: [arm64]
    os: [freebsd]

  '@esbuild/freebsd-x64@0.27.7':
    resolution: {integrity: sha512-jOBDK5XEjA4m5IJK3bpAQF9/Lelu/Z9ZcdhTRLf4cajlB+8VEhFFRjWgfy3M1O4rO2GQ/b2dLwCUGpiF/eATNQ==}
    engines: {node: '>=18'}
    cpu: [x64]
    os: [freebsd]

  '@esbuild/linux-arm64@0.27.7':
    resolution: {integrity: sha512-RZPHBoxXuNnPQO9rvjh5jdkRmVizktkT7TCDkDmQ0W2SwHInKCAV95GRuvdSvA7w4VMwfCjUiPwDi0ZO6Nfe9A==}
    engines: {node: '>=18'}
    cpu: [arm64]
    os: [linux]

  '@esbuild/linux-arm@0.27.7':
    resolution: {integrity: sha512-RkT/YXYBTSULo3+af8Ib0ykH8u2MBh57o7q/DAs3lTJlyVQkgQvlrPTnjIzzRPQyavxtPtfg0EopvDyIt0j1rA==}
    engines: {node: '>=18'}
    cpu: [arm]
    os: [linux]

  '@esbuild/linux-ia32@0.27.7':
    resolution: {integrity: sha512-GA48aKNkyQDbd3KtkplYWT102C5sn/EZTY4XROkxONgruHPU72l+gW+FfF8tf2cFjeHaRbWpOYa/uRBz/Xq1Pg==}
    engines: {node: '>=18'}
    cpu: [ia32]
    os: [linux]

  '@esbuild/linux-loong64@0.27.7':
    resolution: {integrity: sha512-a4POruNM2oWsD4WKvBSEKGIiWQF8fZOAsycHOt6JBpZ+JN2n2JH9WAv56SOyu9X5IqAjqSIPTaJkqN8F7XOQ5Q==}
    engines: {node: '>=18'}
    cpu: [loong64]
    os: [linux]

  '@esbuild/linux-mips64el@0.27.7':
    resolution: {integrity: sha512-KabT5I6StirGfIz0FMgl1I+R1H73Gp0ofL9A3nG3i/cYFJzKHhouBV5VWK1CSgKvVaG4q1RNpCTR2LuTVB3fIw==}
    engines: {node: '>=18'}
    cpu: [mips64el]
    os: [linux]

  '@esbuild/linux-ppc64@0.27.7':
    resolution: {integrity: sha512-gRsL4x6wsGHGRqhtI+ifpN/vpOFTQtnbsupUF5R5YTAg+y/lKelYR1hXbnBdzDjGbMYjVJLJTd2OFmMewAgwlQ==}
    engines: {node: '>=18'}
    cpu: [ppc64]
    os: [linux]

  '@esbuild/linux-riscv64@0.27.7':
    resolution: {integrity: sha512-hL25LbxO1QOngGzu2U5xeXtxXcW+/GvMN3ejANqXkxZ/opySAZMrc+9LY/WyjAan41unrR3YrmtTsUpwT66InQ==}
    engines: {node: '>=18'}
    cpu: [riscv64]
    os: [linux]

  '@esbuild/linux-s390x@0.27.7':
    resolution: {integrity: sha512-2k8go8Ycu1Kb46vEelhu1vqEP+UeRVj2zY1pSuPdgvbd5ykAw82Lrro28vXUrRmzEsUV0NzCf54yARIK8r0fdw==}
    engines: {node: '>=18'}
    cpu: [s390x]
    os: [linux]

  '@esbuild/linux-x64@0.27.7':
    resolution: {integrity: sha512-hzznmADPt+OmsYzw1EE33ccA+HPdIqiCRq7cQeL1Jlq2gb1+OyWBkMCrYGBJ+sxVzve2ZJEVeePbLM2iEIZSxA==}
    engines: {node: '>=18'}
    cpu: [x64]
    os: [linux]

  '@esbuild/netbsd-arm64@0.27.7':
    resolution: {integrity: sha512-b6pqtrQdigZBwZxAn1UpazEisvwaIDvdbMbmrly7cDTMFnw/+3lVxxCTGOrkPVnsYIosJJXAsILG9XcQS+Yu6w==}
    engines: {node: '>=18'}
    cpu: [arm64]
    os: [netbsd]

  '@esbuild/netbsd-x64@0.27.7':
    resolution: {integrity: sha512-OfatkLojr6U+WN5EDYuoQhtM+1xco+/6FSzJJnuWiUw5eVcicbyK3dq5EeV/QHT1uy6GoDhGbFpprUiHUYggrw==}
    engines: {node: '>=18'}
    cpu: [x64]
    os: [netbsd]

  '@esbuild/openbsd-arm64@0.27.7':
    resolution: {integrity: sha512-AFuojMQTxAz75Fo8idVcqoQWEHIXFRbOc1TrVcFSgCZtQfSdc1RXgB3tjOn/krRHENUB4j00bfGjyl2mJrU37A==}
    engines: {node: '>=18'}
    cpu: [arm64]
    os: [openbsd]

  '@esbuild/openbsd-x64@0.27.7':
    resolution: {integrity: sha512-+A1NJmfM8WNDv5CLVQYJ5PshuRm/4cI6WMZRg1by1GwPIQPCTs1GLEUHwiiQGT5zDdyLiRM/l1G0Pv54gvtKIg==}
    engines: {node: '>=18'}
    cpu: [x64]
    os: [openbsd]

  '@esbuild/openharmony-arm64@0.27.7':
    resolution: {integrity: sha512-+KrvYb/C8zA9CU/g0sR6w2RBw7IGc5J2BPnc3dYc5VJxHCSF1yNMxTV5LQ7GuKteQXZtspjFbiuW5/dOj7H4Yw==}
    engines: {node: '>=18'}
    cpu: [arm64]
    os: [openharmony]

  '@esbuild/sunos-x64@0.27.7':
    resolution: {integrity: sha512-ikktIhFBzQNt/QDyOL580ti9+5mL/YZeUPKU2ivGtGjdTYoqz6jObj6nOMfhASpS4GU4Q/Clh1QtxWAvcYKamA==}
    engines: {node: '>=18'}
    cpu: [x64]
    os: [sunos]

  '@esbuild/win32-arm64@0.27.7':
    resolution: {integrity: sha512-7yRhbHvPqSpRUV7Q20VuDwbjW5kIMwTHpptuUzV+AA46kiPze5Z7qgt6CLCK3pWFrHeNfDd1VKgyP4O+ng17CA==}
    engines: {node: '>=18'}
    cpu: [arm64]
    os: [win32]

  '@esbuild/win32-ia32@0.27.7':
    resolution: {integrity: sha512-SmwKXe6VHIyZYbBLJrhOoCJRB/Z1tckzmgTLfFYOfpMAx63BJEaL9ExI8x7v0oAO3Zh6D/Oi1gVxEYr5oUCFhw==}
    engines: {node: '>=18'}
    cpu: [ia32]
    os: [win32]

  '@esbuild/win32-x64@0.27.7':
    resolution: {integrity: sha512-56hiAJPhwQ1R4i+21FVF7V8kSD5zZTdHcVuRFMW0hn753vVfQN8xlx4uOPT4xoGH0Z/oVATuR82AiqSTDIpaHg==}
    engines: {node: '>=18'}
    cpu: [x64]
    os: [win32]

  '@jridgewell/gen-mapping@0.3.13':
    resolution: {integrity: sha512-2kkt/7niJ6MgEPxF0bYdQ6etZaA+fQvDcLKckhy1yIQOzaoKjBBjSj63/aLVjYE3qhRt5dvM+uUyfCg6UKCBbA==}

  '@jridgewell/resolve-uri@3.1.2':
    resolution: {integrity: sha512-bRISgCIjP20/tbWSPWMEi54QVPRZExkuD9lJL+UIxUKtwVJA8wW1Trb1jMs1RFXo1CBTNZ/5hpC9QvmKWdopKw==}
    engines: {node: '>=6.0.0'}

  '@jridgewell/sourcemap-codec@1.5.5':
    resolution: {integrity: sha512-cYQ9310grqxueWbl+WuIUIaiUaDcj7WOq5fVhEljNVgRfOUhY9fy2zTvfoqWsnebh8Sl70VScFbICvJnLKB0Og==}

  '@jridgewell/trace-mapping@0.3.31':
    resolution: {integrity: sha512-zzNR+SdQSDJzc8joaeP8QQoCQr8NuYx2dIIytl1QeBEZHJ9uW6hebsrYgbz8hJwUQao3TWCMtmfV8Nu1twOLAw==}

  '@napi-rs/wasm-runtime@1.1.3':
    resolution: {integrity: sha512-xK9sGVbJWYb08+mTJt3/YV24WxvxpXcXtP6B172paPZ+Ts69Re9dAr7lKwJoeIx8OoeuimEiRZ7umkiUVClmmQ==}
    peerDependencies:
      '@emnapi/core': ^1.7.1
      '@emnapi/runtime': ^1.7.1

  '@nodelib/fs.scandir@2.1.5':
    resolution: {integrity: sha512-vq24Bq3ym5HEQm2NKCr3yXDwjc7vTsEThRDnkp2DK9p1uqLR+DHurm/NOTo0KG7HYHU7eppKZj3MyqYuMBf62g==}
    engines: {node: '>= 8'}

  '@nodelib/fs.stat@2.0.5':
    resolution: {integrity: sha512-RkhPPp2zrqDAQA/2jNhnztcPAlv64XdhIp7a7454A5ovI7Bukxgt7MX7udwAu3zg1DcpPU0rz3VV1SeaqvY4+A==}
    engines: {node: '>= 8'}

  '@nodelib/fs.walk@1.2.8':
    resolution: {integrity: sha512-oGB+UxlgWcgQkgwo8GcEGwemoTFt3FIO9ababBmaGwXIoBKZ+GTy0pP185beGg7Llih/NSHSV2XAs1lnznocSg==}
    engines: {node: '>= 8'}

  '@oxc-project/types@0.124.0':
    resolution: {integrity: sha512-VBFWMTBvHxS11Z5Lvlr3IWgrwhMTXV+Md+EQF0Xf60+wAdsGFTBx7X7K/hP4pi8N7dcm1RvcHwDxZ16Qx8keUg==}

  '@quansync/fs@1.0.0':
    resolution: {integrity: sha512-4TJ3DFtlf1L5LDMaM6CanJ/0lckGNtJcMjQ1NAV6zDmA0tEHKZtxNKin8EgPaVX1YzljbxckyT2tJrpQKAtngQ==}

  '@rolldown/binding-android-arm64@1.0.0-rc.15':
    resolution: {integrity: sha512-YYe6aWruPZDtHNpwu7+qAHEMbQ/yRl6atqb/AhznLTnD3UY99Q1jE7ihLSahNWkF4EqRPVC4SiR4O0UkLK02tA==}
    engines: {node: ^20.19.0 || >=22.12.0}
    cpu: [arm64]
    os: [android]

  '@rolldown/binding-darwin-arm64@1.0.0-rc.15':
    resolution: {integrity: sha512-oArR/ig8wNTPYsXL+Mzhs0oxhxfuHRfG7Ikw7jXsw8mYOtk71W0OkF2VEVh699pdmzjPQsTjlD1JIOoHkLP1Fg==}
    engines: {node: ^20.19.0 || >=22.12.0}
    cpu: [arm64]
    os: [darwin]

  '@rolldown/binding-darwin-x64@1.0.0-rc.15':
    resolution: {integrity: sha512-YzeVqOqjPYvUbJSWJ4EDL8ahbmsIXQpgL3JVipmN+MX0XnXMeWomLN3Fb+nwCmP/jfyqte5I3XRSm7OfQrbyxw==}
    engines: {node: ^20.19.0 || >=22.12.0}
    cpu: [x64]
    os: [darwin]

  '@rolldown/binding-freebsd-x64@1.0.0-rc.15':
    resolution: {integrity: sha512-9Erhx956jeQ0nNTyif1+QWAXDRD38ZNjr//bSHrt6wDwB+QkAfl2q6Mn1k6OBPerznjRmbM10lgRb1Pli4xZPw==}
    engines: {node: ^20.19.0 || >=22.12.0}
    cpu: [x64]
    os: [freebsd]

  '@rolldown/binding-linux-arm-gnueabihf@1.0.0-rc.15':
    resolution: {integrity: sha512-cVwk0w8QbZJGTnP/AHQBs5yNwmpgGYStL88t4UIaqcvYJWBfS0s3oqVLZPwsPU6M0zlW4GqjP0Zq5MnAGwFeGA==}
    engines: {node: ^20.19.0 || >=22.12.0}
    cpu: [arm]
    os: [linux]

  '@rolldown/binding-linux-arm64-gnu@1.0.0-rc.15':
    resolution: {integrity: sha512-eBZ/u8iAK9SoHGanqe/jrPnY0JvBN6iXbVOsbO38mbz+ZJsaobExAm1Iu+rxa4S1l2FjG0qEZn4Rc6X8n+9M+w==}
    engines: {node: ^20.19.0 || >=22.12.0}
    cpu: [arm64]
    os: [linux]
    libc: [glibc]

  '@rolldown/binding-linux-arm64-musl@1.0.0-rc.15':
    resolution: {integrity: sha512-ZvRYMGrAklV9PEkgt4LQM6MjQX2P58HPAuecwYObY2DhS2t35R0I810bKi0wmaYORt6m/2Sm+Z+nFgb0WhXNcQ==}
    engines: {node: ^20.19.0 || >=22.12.0}
    cpu: [arm64]
    os: [linux]
    libc: [musl]

  '@rolldown/binding-linux-ppc64-gnu@1.0.0-rc.15':
    resolution: {integrity: sha512-VDpgGBzgfg5hLg+uBpCLoFG5kVvEyafmfxGUV0UHLcL5irxAK7PKNeC2MwClgk6ZAiNhmo9FLhRYgvMmedLtnQ==}
    engines: {node: ^20.19.0 || >=22.12.0}
    cpu: [ppc64]
    os: [linux]
    libc: [glibc]

  '@rolldown/binding-linux-s390x-gnu@1.0.0-rc.15':
    resolution: {integrity: sha512-y1uXY3qQWCzcPgRJATPSOUP4tCemh4uBdY7e3EZbVwCJTY3gLJWnQABgeUetvED+bt1FQ01OeZwvhLS2bpNrAQ==}
    engines: {node: ^20.19.0 || >=22.12.0}
    cpu: [s390x]
    os: [linux]
    libc: [glibc]

  '@rolldown/binding-linux-x64-gnu@1.0.0-rc.15':
    resolution: {integrity: sha512-023bTPBod7J3Y/4fzAN6QtpkSABR0rigtrwaP+qSEabUh5zf6ELr9Nc7GujaROuPY3uwdSIXWrvhn1KxOvurWA==}
    engines: {node: ^20.19.0 || >=22.12.0}
    cpu: [x64]
    os: [linux]
    libc: [glibc]

  '@rolldown/binding-linux-x64-musl@1.0.0-rc.15':
    resolution: {integrity: sha512-witB2O0/hU4CgfOOKUoeFgQ4GktPi1eEbAhaLAIpgD6+ZnhcPkUtPsoKKHRzmOoWPZue46IThdSgdo4XneOLYw==}
    engines: {node: ^20.19.0 || >=22.12.0}
    cpu: [x64]
    os: [linux]
    libc: [musl]

  '@rolldown/binding-openharmony-arm64@1.0.0-rc.15':
    resolution: {integrity: sha512-UCL68NJ0Ud5zRipXZE9dF5PmirzJE4E4BCIOOssEnM7wLDsxjc6Qb0sGDxTNRTP53I6MZpygyCpY8Aa8sPfKPg==}
    engines: {node: ^20.19.0 || >=22.12.0}
    cpu: [arm64]
    os: [openharmony]

  '@rolldown/binding-wasm32-wasi@1.0.0-rc.15':
    resolution: {integrity: sha512-ApLruZq/ig+nhaE7OJm4lDjayUnOHVUa77zGeqnqZ9pn0ovdVbbNPerVibLXDmWeUZXjIYIT8V3xkT58Rm9u5Q==}
    engines: {node: '>=14.0.0'}
    cpu: [wasm32]

  '@rolldown/binding-win32-arm64-msvc@1.0.0-rc.15':
    resolution: {integrity: sha512-KmoUoU7HnN+Si5YWJigfTws1jz1bKBYDQKdbLspz0UaqjjFkddHsqorgiW1mxcAj88lYUE6NC/zJNwT+SloqtA==}
    engines: {node: ^20.19.0 || >=22.12.0}
    cpu: [arm64]
    os: [win32]

  '@rolldown/binding-win32-x64-msvc@1.0.0-rc.15':
    resolution: {integrity: sha512-3P2A8L+x75qavWLe/Dll3EYBJLQmtkJN8rfh+U/eR3MqMgL/h98PhYI+JFfXuDPgPeCB7iZAKiqii5vqOvnA0g==}
    engines: {node: ^20.19.0 || >=22.12.0}
    cpu: [x64]
    os: [win32]

  '@rolldown/pluginutils@1.0.0-rc.15':
    resolution: {integrity: sha512-UromN0peaE53IaBRe9W7CjrZgXl90fqGpK+mIZbA3qSTeYqg3pqpROBdIPvOG3F5ereDHNwoHBI2e50n1BDr1g==}

  '@tybys/wasm-util@0.10.1':
    resolution: {integrity: sha512-9tTaPJLSiejZKx+Bmog4uSubteqTvFrVrURwkmHixBo0G4seD0zUxp98E1DzUBJxLQ3NPwXrGKDiVjwx/DpPsg==}

  '@types/node@24.12.2':
    resolution: {integrity: sha512-A1sre26ke7HDIuY/M23nd9gfB+nrmhtYyMINbjI1zHJxYteKR6qSMX56FsmjMcDb3SMcjJg5BiRRgOCC/yBD0g==}

  ansis@4.2.0:
    resolution: {integrity: sha512-HqZ5rWlFjGiV0tDm3UxxgNRqsOTniqoKZu0pIAfh7TZQMGuZK+hH0drySty0si0QXj1ieop4+SkSfPZBPPkHig==}
    engines: {node: '>=14'}

  ast-kit@2.2.0:
    resolution: {integrity: sha512-m1Q/RaVOnTp9JxPX+F+Zn7IcLYMzM8kZofDImfsKZd8MbR+ikdOzTeztStWqfrqIxZnYWryyI9ePm3NGjnZgGw==}
    engines: {node: '>=20.19.0'}

  birpc@2.9.0:
    resolution: {integrity: sha512-KrayHS5pBi69Xi9JmvoqrIgYGDkD6mcSe/i6YKi3w5kekCLzrX4+nawcXqrj2tIp50Kw/mT/s3p+GVK0A0sKxw==}

  braces@3.0.3:
    resolution: {integrity: sha512-yQbXgO/OSZVD2IsiLlro+7Hf6Q18EJrKSEsdoMzKePKXct3gvD8oLcOQdIzGupr5Fj+EDe8gO/lxc1BzfMpxvA==}
    engines: {node: '>=8'}

  cac@6.7.14:
    resolution: {integrity: sha512-b6Ilus+c3RrdDk+JhLKUAQfzzgLEPy6wcXqS7f/xe1EETvsDP6GORG7SFuOs6cID5YkqchW/LXZbX5bc8j7ZcQ==}
    engines: {node: '>=8'}

  chalk@5.6.2:
    resolution: {integrity: sha512-7NzBL0rN6fMUW+f7A6Io4h40qQlG+xGmtMxfbnH/K7TAtt8JQWVQK+6g0UXKMeVJoyV5EkkNsErQ8pVD3bLHbA==}
    engines: {node: ^12.17.0 || ^14.13 || >=16.0.0}

  chokidar@4.0.3:
    resolution: {integrity: sha512-Qgzu8kfBvo+cA4962jnP1KkS6Dop5NS6g7R5LFYJr4b8Ub94PPQXUksCw9PvXoeXPRRddRNC5C1JQUR2SMGtnA==}
    engines: {node: '>= 14.16.0'}

  debug@4.4.3:
    resolution: {integrity: sha512-RGwwWnwQvkVfavKVt22FGLw+xYSdzARwm0ru6DhTVA3umU5hZc28V3kO4stgYryrTlLpuvgI9GiijltAjNbcqA==}
    engines: {node: '>=6.0'}
    peerDependencies:
      supports-color: '*'
    peerDependenciesMeta:
      supports-color:
        optional: true

  defu@6.1.7:
    resolution: {integrity: sha512-7z22QmUWiQ/2d0KkdYmANbRUVABpZ9SNYyH5vx6PZ+nE5bcC0l7uFvEfHlyld/HcGBFTL536ClDt3DEcSlEJAQ==}

  diff@8.0.4:
    resolution: {integrity: sha512-DPi0FmjiSU5EvQV0++GFDOJ9ASQUVFh5kD+OzOnYdi7n3Wpm9hWWGfB/O2blfHcMVTL5WkQXSnRiK9makhrcnw==}
    engines: {node: '>=0.3.1'}

  dts-resolver@2.1.3:
    resolution: {integrity: sha512-bihc7jPC90VrosXNzK0LTE2cuLP6jr0Ro8jk+kMugHReJVLIpHz/xadeq3MhuwyO4TD4OA3L1Q8pBBFRc08Tsw==}
    engines: {node: '>=20.19.0'}
    peerDependencies:
      oxc-resolver: '>=11.0.0'
    peerDependenciesMeta:
      oxc-resolver:
        optional: true

  empathic@2.0.0:
    resolution: {integrity: sha512-i6UzDscO/XfAcNYD75CfICkmfLedpyPDdozrLMmQc5ORaQcdMoc21OnlEylMIqI7U8eniKrPMxxtj8k0vhmJhA==}
    engines: {node: '>=14'}

  esbuild@0.27.7:
    resolution: {integrity: sha512-IxpibTjyVnmrIQo5aqNpCgoACA/dTKLTlhMHihVHhdkxKyPO1uBBthumT0rdHmcsk9uMonIWS0m4FljWzILh3w==}
    engines: {node: '>=18'}
    hasBin: true

  fast-glob@3.3.3:
    resolution: {integrity: sha512-7MptL8U0cqcFdzIzwOTHoilX9x5BrNqye7Z/LuC7kCMRio1EMSyqRK3BEAUD7sXRq4iT4AzTVuZdhgQ2TCvYLg==}
    engines: {node: '>=8.6.0'}

  fastq@1.20.1:
    resolution: {integrity: sha512-GGToxJ/w1x32s/D2EKND7kTil4n8OVk/9mycTc4VDza13lOvpUZTGX3mFSCtV9ksdGBVzvsyAVLM6mHFThxXxw==}

  fdir@6.5.0:
    resolution: {integrity: sha512-tIbYtZbucOs0BRGqPJkshJUYdL+SDH7dVM8gjy+ERp3WAUjLEFJE+02kanyHtwjWOnwrKYBiwAmM0p4kLJAnXg==}
    engines: {node: '>=12.0.0'}
    peerDependencies:
      picomatch: ^3 || ^4
    peerDependenciesMeta:
      picomatch:
        optional: true

  fill-range@7.1.1:
    resolution: {integrity: sha512-YsGpe3WHLK8ZYi4tWDg2Jy3ebRz2rXowDxnld4bkQB00cc/1Zw9AWnC0i9ztDJitivtQvaI9KaLyKrc+hBW0yg==}
    engines: {node: '>=8'}

  fsevents@2.3.3:
    resolution: {integrity: sha512-5xoDfX+fL7faATnagmWPpbFtwh/R77WmMMqqHGS65C3vvB0YHrgF+B1YmZ3441tMj5n63k0212XNoJwzlhffQw==}
    engines: {node: ^8.16.0 || ^10.6.0 || >=11.0.0}
    os: [darwin]

  get-tsconfig@4.14.0:
    resolution: {integrity: sha512-yTb+8DXzDREzgvYmh6s9vHsSVCHeC0G3PI5bEXNBHtmshPnO+S5O7qgLEOn0I5QvMy6kpZN8K1NKGyilLb93wA==}

  glob-parent@5.1.2:
    resolution: {integrity: sha512-AOIgSQCepiJYwP3ARnGx+5VnTu2HBYdzbGP45eLw1vr3zB3vZLeyed1sC9hnbcOc9/SrMyM5RPQrkGz4aS9Zow==}
    engines: {node: '>= 6'}

  hookable@5.5.3:
    resolution: {integrity: sha512-Yc+BQe8SvoXH1643Qez1zqLRmbA5rCL+sSmk6TVos0LWVfNIB7PGncdlId77WzLGSIB5KaWgTaNTs2lNVEI6VQ==}

  is-extglob@2.1.1:
    resolution: {integrity: sha512-SbKbANkN603Vi4jEZv49LeVJMn4yGwsbzZworEoyEiutsN3nJYdbO36zfhGJ6QEDpOZIFkDtnq5JRxmvl3jsoQ==}
    engines: {node: '>=0.10.0'}

  is-glob@4.0.3:
    resolution: {integrity: sha512-xelSayHH36ZgE7ZWhli7pW34hNbNl8Ojv5KVmkJD4hBdD3th8Tfk9vYasLM+mXWOZhFkgZfxhLSnrwRr4elSSg==}
    engines: {node: '>=0.10.0'}

  is-number@7.0.0:
    resolution: {integrity: sha512-41Cifkg6e8TylSpdtTpeLVMqvSBEVzTttHvERD741+pnZ8ANv0004MRL43QKPDlK9cGvNp6NZWZUBlbGXYxxng==}
    engines: {node: '>=0.12.0'}

  jiti@2.6.1:
    resolution: {integrity: sha512-ekilCSN1jwRvIbgeg/57YFh8qQDNbwDb9xT/qu2DAHbFFZUicIl4ygVaAvzveMhMVr3LnpSKTNnwt8PoOfmKhQ==}
    hasBin: true

  jsesc@3.1.0:
    resolution: {integrity: sha512-/sM3dO2FOzXjKQhJuo0Q173wf2KOo8t4I8vHy6lF9poUp7bKT0/NHE8fPX23PwfhnykfqnC2xRxOnVw5XuGIaA==}
    engines: {node: '>=6'}
    hasBin: true

  json-schema-to-ts@3.1.1:
    resolution: {integrity: sha512-+DWg8jCJG2TEnpy7kOm/7/AxaYoaRbjVB4LFZLySZlWn8exGs3A4OLJR966cVvU26N7X9TWxl+Jsw7dzAqKT6g==}
    engines: {node: '>=16'}

  merge2@1.4.1:
    resolution: {integrity: sha512-8q7VEgMJW4J8tcfVPy8g09NcQwZdbwFEqhe/WZkoIzjn/3TGDwtOCYtXGxA3O8tPzpczCCDgv+P2P5y00ZJOOg==}
    engines: {node: '>= 8'}

  micromatch@4.0.8:
    resolution: {integrity: sha512-PXwfBhYu0hBCPw8Dn0E+WDYb7af3dSLVWKi3HGv84IdF4TyFoC0ysxFd0Goxw7nSv4T/PzEJQxsYsEiFCKo2BA==}
    engines: {node: '>=8.6'}

  ms@2.1.3:
    resolution: {integrity: sha512-6FlzubTLZG3J2a/NVCAleEhjzq5oxgHyaCU9yYXvcLsvoVaHJq/s5xXI6/XXP6tz7R9xAOtHnSO/tXtF3WRTlA==}

  pathe@2.0.3:
    resolution: {integrity: sha512-WUjGcAqP1gQacoQe+OBJsFA7Ld4DyXuUIjZ5cc75cLHvJ7dtNsTugphxIADwspS+AraAUePCKrSVtPLFj/F88w==}

  picomatch@2.3.2:
    resolution: {integrity: sha512-V7+vQEJ06Z+c5tSye8S+nHUfI51xoXIXjHQ99cQtKUkQqqO1kO/KCJUfZXuB47h/YBlDhah2H3hdUGXn8ie0oA==}
    engines: {node: '>=8.6'}

  picomatch@4.0.4:
    resolution: {integrity: sha512-QP88BAKvMam/3NxH6vj2o21R6MjxZUAd6nlwAS/pnGvN9IVLocLHxGYIzFhg6fUQ+5th6P4dv4eW9jX3DSIj7A==}
    engines: {node: '>=12'}

  quansync@1.0.0:
    resolution: {integrity: sha512-5xZacEEufv3HSTPQuchrvV6soaiACMFnq1H8wkVioctoH3TRha9Sz66lOxRwPK/qZj7HPiSveih9yAyh98gvqA==}

  queue-microtask@1.2.3:
    resolution: {integrity: sha512-NuaNSa6flKT5JaSYQzJok04JzTL1CA6aGhv5rfLW3PgqA+M2ChpZQnAC8h8i4ZFkBS8X5RqkDBHA7r4hej3K9A==}

  readdirp@4.1.2:
    resolution: {integrity: sha512-GDhwkLfywWL2s6vEjyhri+eXmfH6j1L7JE27WhqLeYzoh/A3DBaYGEj2H/HFZCn/kMfim73FXxEJTw06WtxQwg==}
    engines: {node: '>= 14.18.0'}

  resolve-pkg-maps@1.0.0:
    resolution: {integrity: sha512-seS2Tj26TBVOC2NIc2rOe2y2ZO7efxITtLZcGSOnHHNOQ7CkiUBfw0Iw2ck6xkIhPwLhKNLS8BO+hEpngQlqzw==}

  reusify@1.1.0:
    resolution: {integrity: sha512-g6QUff04oZpHs0eG5p83rFLhHeV00ug/Yf9nZM6fLeUrPguBTkTQOdpAWWspMh55TZfVQDPaN3NQJfbVRAxdIw==}
    engines: {iojs: '>=1.0.0', node: '>=0.10.0'}

  rolldown-plugin-dts@0.13.14:
    resolution: {integrity: sha512-wjNhHZz9dlN6PTIXyizB6u/mAg1wEFMW9yw7imEVe3CxHSRnNHVyycIX0yDEOVJfDNISLPbkCIPEpFpizy5+PQ==}
    engines: {node: '>=20.18.0'}
    peerDependencies:
      '@typescript/native-preview': '>=7.0.0-dev.20250601.1'
      rolldown: ^1.0.0-beta.9
      typescript: ^5.0.0
      vue-tsc: ^2.2.0 || ^3.0.0
    peerDependenciesMeta:
      '@typescript/native-preview':
        optional: true
      typescript:
        optional: true
      vue-tsc:
        optional: true

  rolldown@1.0.0-rc.15:
    resolution: {integrity: sha512-Ff31guA5zT6WjnGp0SXw76X6hzGRk/OQq2hE+1lcDe+lJdHSgnSX6nK3erbONHyCbpSj9a9E+uX/OvytZoWp2g==}
    engines: {node: ^20.19.0 || >=22.12.0}
    hasBin: true

  run-parallel@1.2.0:
    resolution: {integrity: sha512-5l4VyZR86LZ/lDxZTR6jqL8AFE2S0IFLMP26AbjsLVADxHdhB/c0GUsH+y39UfCi3dzz8OlQuPmnaJOMoDHQBA==}

  semver@7.7.4:
    resolution: {integrity: sha512-vFKC2IEtQnVhpT78h1Yp8wzwrf8CM+MzKMHGJZfBtzhZNycRFnXsHk6E5TxIkkMsgNS7mdX3AGB7x2QM2di4lA==}
    engines: {node: '>=10'}
    hasBin: true

  tinyexec@1.1.1:
    resolution: {integrity: sha512-VKS/ZaQhhkKFMANmAOhhXVoIfBXblQxGX1myCQ2faQrfmobMftXeJPcZGp0gS07ocvGJWDLZGyOZDadDBqYIJg==}
    engines: {node: '>=18'}

  tinyglobby@0.2.16:
    resolution: {integrity: sha512-pn99VhoACYR8nFHhxqix+uvsbXineAasWm5ojXoN8xEwK5Kd3/TrhNn1wByuD52UxWRLy8pu+kRMniEi6Eq9Zg==}
    engines: {node: '>=12.0.0'}

  to-regex-range@5.0.1:
    resolution: {integrity: sha512-65P7iz6X5yEr1cwcgvQxbbIw7Uk3gOy5dIdtZ4rDveLqhrdJP+Li/Hx6tyK0NEb+2GCyneCMJiGqrADCSNk8sQ==}
    engines: {node: '>=8.0'}

  ts-algebra@2.0.0:
    resolution: {integrity: sha512-FPAhNPFMrkwz76P7cdjdmiShwMynZYN6SgOujD1urY4oNm80Ou9oMdmbR45LotcKOXoy7wSmHkRFE6Mxbrhefw==}

  tsdown@0.12.9:
    resolution: {integrity: sha512-MfrXm9PIlT3saovtWKf/gCJJ/NQCdE0SiREkdNC+9Qy6UHhdeDPxnkFaBD7xttVUmgp0yUHtGirpoLB+OVLuLA==}
    engines: {node: '>=18.0.0'}
    hasBin: true
    peerDependencies:
      '@arethetypeswrong/core': ^0.18.1
      publint: ^0.3.0
      typescript: ^5.0.0
      unplugin-lightningcss: ^0.4.0
      unplugin-unused: ^0.5.0
    peerDependenciesMeta:
      '@arethetypeswrong/core':
        optional: true
      publint:
        optional: true
      typescript:
        optional: true
      unplugin-lightningcss:
        optional: true
      unplugin-unused:
        optional: true

  tslib@2.8.1:
    resolution: {integrity: sha512-oJFu94HQb+KVduSUQL7wnpmqnfmLsOA/nAh6b6EH0wCEoK0/mPeXU6c3wKDV83MkOuHPRHtSXKKU99IBazS/2w==}

  tsx@4.21.0:
    resolution: {integrity: sha512-5C1sg4USs1lfG0GFb2RLXsdpXqBSEhAaA/0kPL01wxzpMqLILNxIxIOKiILz+cdg/pLnOUxFYOR5yhHU666wbw==}
    engines: {node: '>=18.0.0'}
    hasBin: true

  typescript@5.9.3:
    resolution: {integrity: sha512-jl1vZzPDinLr9eUt3J/t7V6FgNEw9QjvBPdysz9KfQDD41fQrC2Y4vKQdiaUpFT4bXlb1RHhLpp8wtm6M5TgSw==}
    engines: {node: '>=14.17'}
    hasBin: true

  unconfig-core@7.5.0:
    resolution: {integrity: sha512-Su3FauozOGP44ZmKdHy2oE6LPjk51M/TRRjHv2HNCWiDvfvCoxC2lno6jevMA91MYAdCdwP05QnWdWpSbncX/w==}

  unconfig@7.5.0:
    resolution: {integrity: sha512-oi8Qy2JV4D3UQ0PsopR28CzdQ3S/5A1zwsUwp/rosSbfhJ5z7b90bIyTwi/F7hCLD4SGcZVjDzd4XoUQcEanvA==}

  undici-types@7.16.0:
    resolution: {integrity: sha512-Zz+aZWSj8LE6zoxD+xrjh4VfkIG8Ya6LvYkZqtUQGJPZjYl53ypCaUwWqo7eI0x66KBGeRo+mlBEkMSeSZ38Nw==}

  zod@4.3.6:
    resolution: {integrity: sha512-rftlrkhHZOcjDwkGlnUtZZkvaPHCsDATp4pGpuOOMDaTdDDXF91wuVDJoWoPsKX/3YPQ5fHuF3STjcYyKr+Qhg==}

snapshots:

  '@anthropic-ai/sdk@0.63.1(zod@4.3.6)':
    dependencies:
      json-schema-to-ts: 3.1.1
    optionalDependencies:
      zod: 4.3.6

  '@babel/generator@7.29.1':
    dependencies:
      '@babel/parser': 7.29.2
      '@babel/types': 7.29.0
      '@jridgewell/gen-mapping': 0.3.13
      '@jridgewell/trace-mapping': 0.3.31
      jsesc: 3.1.0

  '@babel/helper-string-parser@7.27.1': {}

  '@babel/helper-validator-identifier@7.28.5': {}

  '@babel/parser@7.29.2':
    dependencies:
      '@babel/types': 7.29.0

  '@babel/runtime@7.29.2': {}

  '@babel/types@7.29.0':
    dependencies:
      '@babel/helper-string-parser': 7.27.1
      '@babel/helper-validator-identifier': 7.28.5

  '@emnapi/core@1.9.2':
    dependencies:
      '@emnapi/wasi-threads': 1.2.1
      tslib: 2.8.1
    optional: true

  '@emnapi/runtime@1.9.2':
    dependencies:
      tslib: 2.8.1
    optional: true

  '@emnapi/wasi-threads@1.2.1':
    dependencies:
      tslib: 2.8.1
    optional: true

  '@esbuild/aix-ppc64@0.27.7':
    optional: true

  '@esbuild/android-arm64@0.27.7':
    optional: true

  '@esbuild/android-arm@0.27.7':
    optional: true

  '@esbuild/android-x64@0.27.7':
    optional: true

  '@esbuild/darwin-arm64@0.27.7':
    optional: true

  '@esbuild/darwin-x64@0.27.7':
    optional: true

  '@esbuild/freebsd-arm64@0.27.7':
    optional: true

  '@esbuild/freebsd-x64@0.27.7':
    optional: true

  '@esbuild/linux-arm64@0.27.7':
    optional: true

  '@esbuild/linux-arm@0.27.7':
    optional: true

  '@esbuild/linux-ia32@0.27.7':
    optional: true

  '@esbuild/linux-loong64@0.27.7':
    optional: true

  '@esbuild/linux-mips64el@0.27.7':
    optional: true

  '@esbuild/linux-ppc64@0.27.7':
    optional: true

  '@esbuild/linux-riscv64@0.27.7':
    optional: true

  '@esbuild/linux-s390x@0.27.7':
    optional: true

  '@esbuild/linux-x64@0.27.7':
    optional: true

  '@esbuild/netbsd-arm64@0.27.7':
    optional: true

  '@esbuild/netbsd-x64@0.27.7':
    optional: true

  '@esbuild/openbsd-arm64@0.27.7':
    optional: true

  '@esbuild/openbsd-x64@0.27.7':
    optional: true

  '@esbuild/openharmony-arm64@0.27.7':
    optional: true

  '@esbuild/sunos-x64@0.27.7':
    optional: true

  '@esbuild/win32-arm64@0.27.7':
    optional: true

  '@esbuild/win32-ia32@0.27.7':
    optional: true

  '@esbuild/win32-x64@0.27.7':
    optional: true

  '@jridgewell/gen-mapping@0.3.13':
    dependencies:
      '@jridgewell/sourcemap-codec': 1.5.5
      '@jridgewell/trace-mapping': 0.3.31

  '@jridgewell/resolve-uri@3.1.2': {}

  '@jridgewell/sourcemap-codec@1.5.5': {}

  '@jridgewell/trace-mapping@0.3.31':
    dependencies:
      '@jridgewell/resolve-uri': 3.1.2
      '@jridgewell/sourcemap-codec': 1.5.5

  '@napi-rs/wasm-runtime@1.1.3(@emnapi/core@1.9.2)(@emnapi/runtime@1.9.2)':
    dependencies:
      '@emnapi/core': 1.9.2
      '@emnapi/runtime': 1.9.2
      '@tybys/wasm-util': 0.10.1
    optional: true

  '@nodelib/fs.scandir@2.1.5':
    dependencies:
      '@nodelib/fs.stat': 2.0.5
      run-parallel: 1.2.0

  '@nodelib/fs.stat@2.0.5': {}

  '@nodelib/fs.walk@1.2.8':
    dependencies:
      '@nodelib/fs.scandir': 2.1.5
      fastq: 1.20.1

  '@oxc-project/types@0.124.0': {}

  '@quansync/fs@1.0.0':
    dependencies:
      quansync: 1.0.0

  '@rolldown/binding-android-arm64@1.0.0-rc.15':
    optional: true

  '@rolldown/binding-darwin-arm64@1.0.0-rc.15':
    optional: true

  '@rolldown/binding-darwin-x64@1.0.0-rc.15':
    optional: true

  '@rolldown/binding-freebsd-x64@1.0.0-rc.15':
    optional: true

  '@rolldown/binding-linux-arm-gnueabihf@1.0.0-rc.15':
    optional: true

  '@rolldown/binding-linux-arm64-gnu@1.0.0-rc.15':
    optional: true

  '@rolldown/binding-linux-arm64-musl@1.0.0-rc.15':
    optional: true

  '@rolldown/binding-linux-ppc64-gnu@1.0.0-rc.15':
    optional: true

  '@rolldown/binding-linux-s390x-gnu@1.0.0-rc.15':
    optional: true

  '@rolldown/binding-linux-x64-gnu@1.0.0-rc.15':
    optional: true

  '@rolldown/binding-linux-x64-musl@1.0.0-rc.15':
    optional: true

  '@rolldown/binding-openharmony-arm64@1.0.0-rc.15':
    optional: true

  '@rolldown/binding-wasm32-wasi@1.0.0-rc.15':
    dependencies:
      '@emnapi/core': 1.9.2
      '@emnapi/runtime': 1.9.2
      '@napi-rs/wasm-runtime': 1.1.3(@emnapi/core@1.9.2)(@emnapi/runtime@1.9.2)
    optional: true

  '@rolldown/binding-win32-arm64-msvc@1.0.0-rc.15':
    optional: true

  '@rolldown/binding-win32-x64-msvc@1.0.0-rc.15':
    optional: true

  '@rolldown/pluginutils@1.0.0-rc.15': {}

  '@tybys/wasm-util@0.10.1':
    dependencies:
      tslib: 2.8.1
    optional: true

  '@types/node@24.12.2':
    dependencies:
      undici-types: 7.16.0

  ansis@4.2.0: {}

  ast-kit@2.2.0:
    dependencies:
      '@babel/parser': 7.29.2
      pathe: 2.0.3

  birpc@2.9.0: {}

  braces@3.0.3:
    dependencies:
      fill-range: 7.1.1

  cac@6.7.14: {}

  chalk@5.6.2: {}

  chokidar@4.0.3:
    dependencies:
      readdirp: 4.1.2

  debug@4.4.3:
    dependencies:
      ms: 2.1.3

  defu@6.1.7: {}

  diff@8.0.4: {}

  dts-resolver@2.1.3: {}

  empathic@2.0.0: {}

  esbuild@0.27.7:
    optionalDependencies:
      '@esbuild/aix-ppc64': 0.27.7
      '@esbuild/android-arm': 0.27.7
      '@esbuild/android-arm64': 0.27.7
      '@esbuild/android-x64': 0.27.7
      '@esbuild/darwin-arm64': 0.27.7
      '@esbuild/darwin-x64': 0.27.7
      '@esbuild/freebsd-arm64': 0.27.7
      '@esbuild/freebsd-x64': 0.27.7
      '@esbuild/linux-arm': 0.27.7
      '@esbuild/linux-arm64': 0.27.7
      '@esbuild/linux-ia32': 0.27.7
      '@esbuild/linux-loong64': 0.27.7
      '@esbuild/linux-mips64el': 0.27.7
      '@esbuild/linux-ppc64': 0.27.7
      '@esbuild/linux-riscv64': 0.27.7
      '@esbuild/linux-s390x': 0.27.7
      '@esbuild/linux-x64': 0.27.7
      '@esbuild/netbsd-arm64': 0.27.7
      '@esbuild/netbsd-x64': 0.27.7
      '@esbuild/openbsd-arm64': 0.27.7
      '@esbuild/openbsd-x64': 0.27.7
      '@esbuild/openharmony-arm64': 0.27.7
      '@esbuild/sunos-x64': 0.27.7
      '@esbuild/win32-arm64': 0.27.7
      '@esbuild/win32-ia32': 0.27.7
      '@esbuild/win32-x64': 0.27.7

  fast-glob@3.3.3:
    dependencies:
      '@nodelib/fs.stat': 2.0.5
      '@nodelib/fs.walk': 1.2.8
      glob-parent: 5.1.2
      merge2: 1.4.1
      micromatch: 4.0.8

  fastq@1.20.1:
    dependencies:
      reusify: 1.1.0

  fdir@6.5.0(picomatch@4.0.4):
    optionalDependencies:
      picomatch: 4.0.4

  fill-range@7.1.1:
    dependencies:
      to-regex-range: 5.0.1

  fsevents@2.3.3:
    optional: true

  get-tsconfig@4.14.0:
    dependencies:
      resolve-pkg-maps: 1.0.0

  glob-parent@5.1.2:
    dependencies:
      is-glob: 4.0.3

  hookable@5.5.3: {}

  is-extglob@2.1.1: {}

  is-glob@4.0.3:
    dependencies:
      is-extglob: 2.1.1

  is-number@7.0.0: {}

  jiti@2.6.1: {}

  jsesc@3.1.0: {}

  json-schema-to-ts@3.1.1:
    dependencies:
      '@babel/runtime': 7.29.2
      ts-algebra: 2.0.0

  merge2@1.4.1: {}

  micromatch@4.0.8:
    dependencies:
      braces: 3.0.3
      picomatch: 2.3.2

  ms@2.1.3: {}

  pathe@2.0.3: {}

  picomatch@2.3.2: {}

  picomatch@4.0.4: {}

  quansync@1.0.0: {}

  queue-microtask@1.2.3: {}

  readdirp@4.1.2: {}

  resolve-pkg-maps@1.0.0: {}

  reusify@1.1.0: {}

  rolldown-plugin-dts@0.13.14(rolldown@1.0.0-rc.15)(typescript@5.9.3):
    dependencies:
      '@babel/generator': 7.29.1
      '@babel/parser': 7.29.2
      '@babel/types': 7.29.0
      ast-kit: 2.2.0
      birpc: 2.9.0
      debug: 4.4.3
      dts-resolver: 2.1.3
      get-tsconfig: 4.14.0
      rolldown: 1.0.0-rc.15
    optionalDependencies:
      typescript: 5.9.3
    transitivePeerDependencies:
      - oxc-resolver
      - supports-color

  rolldown@1.0.0-rc.15:
    dependencies:
      '@oxc-project/types': 0.124.0
      '@rolldown/pluginutils': 1.0.0-rc.15
    optionalDependencies:
      '@rolldown/binding-android-arm64': 1.0.0-rc.15
      '@rolldown/binding-darwin-arm64': 1.0.0-rc.15
      '@rolldown/binding-darwin-x64': 1.0.0-rc.15
      '@rolldown/binding-freebsd-x64': 1.0.0-rc.15
      '@rolldown/binding-linux-arm-gnueabihf': 1.0.0-rc.15
      '@rolldown/binding-linux-arm64-gnu': 1.0.0-rc.15
      '@rolldown/binding-linux-arm64-musl': 1.0.0-rc.15
      '@rolldown/binding-linux-ppc64-gnu': 1.0.0-rc.15
      '@rolldown/binding-linux-s390x-gnu': 1.0.0-rc.15
      '@rolldown/binding-linux-x64-gnu': 1.0.0-rc.15
      '@rolldown/binding-linux-x64-musl': 1.0.0-rc.15
      '@rolldown/binding-openharmony-arm64': 1.0.0-rc.15
      '@rolldown/binding-wasm32-wasi': 1.0.0-rc.15
      '@rolldown/binding-win32-arm64-msvc': 1.0.0-rc.15
      '@rolldown/binding-win32-x64-msvc': 1.0.0-rc.15

  run-parallel@1.2.0:
    dependencies:
      queue-microtask: 1.2.3

  semver@7.7.4: {}

  tinyexec@1.1.1: {}

  tinyglobby@0.2.16:
    dependencies:
      fdir: 6.5.0(picomatch@4.0.4)
      picomatch: 4.0.4

  to-regex-range@5.0.1:
    dependencies:
      is-number: 7.0.0

  ts-algebra@2.0.0: {}

  tsdown@0.12.9(typescript@5.9.3):
    dependencies:
      ansis: 4.2.0
      cac: 6.7.14
      chokidar: 4.0.3
      debug: 4.4.3
      diff: 8.0.4
      empathic: 2.0.0
      hookable: 5.5.3
      rolldown: 1.0.0-rc.15
      rolldown-plugin-dts: 0.13.14(rolldown@1.0.0-rc.15)(typescript@5.9.3)
      semver: 7.7.4
      tinyexec: 1.1.1
      tinyglobby: 0.2.16
      unconfig: 7.5.0
    optionalDependencies:
      typescript: 5.9.3
    transitivePeerDependencies:
      - '@typescript/native-preview'
      - oxc-resolver
      - supports-color
      - vue-tsc

  tslib@2.8.1:
    optional: true

  tsx@4.21.0:
    dependencies:
      esbuild: 0.27.7
      get-tsconfig: 4.14.0
    optionalDependencies:
      fsevents: 2.3.3

  typescript@5.9.3: {}

  unconfig-core@7.5.0:
    dependencies:
      '@quansync/fs': 1.0.0
      quansync: 1.0.0

  unconfig@7.5.0:
    dependencies:
      '@quansync/fs': 1.0.0
      defu: 6.1.7
      jiti: 2.6.1
      quansync: 1.0.0
      unconfig-core: 7.5.0

  undici-types@7.16.0: {}

  zod@4.3.6: {}
